
Microsoft Visual Studio Solution File, Format Version 12.00
# Visual Studio Version 17
VisualStudioVersion = 17.0.31903.59
MinimumVisualStudioVersion = 10.0.40219.1
Project("{2150E333-8FDC-42A3-9474-1A3956D46DE8}") = "01 - Presentation", "01 - Presentation", "{86945CC3-174C-4217-8A61-DD6FED0F4CCF}"
EndProject
Project("{2150E333-8FDC-42A3-9474-1A3956D46DE8}") = "02 - Domain", "02 - Domain", "{92E18C95-2652-460A-B2FC-1BBF0660C9CE}"
EndProject
Project("{2150E333-8FDC-42A3-9474-1A3956D46DE8}") = "03 - Infrastructure", "03 - Infrastructure", "{064127C9-93B7-416C-81B7-A76D8B3DE7A3}"
EndProject
Project("{2150E333-8FDC-42A3-9474-1A3956D46DE8}") = "04 - CrossCutting", "04 - CrossCutting", "{7E199ADC-52C1-4005-831B-EA941B425B2A}"
EndProject
Project("{FAE04EC0-301F-11D3-BF4B-00C04F79EFBC}") = "SecurePassword.API", "01 - Presentation\SecurePassword.API\SecurePassword.API.csproj", "{DA0860BD-86A0-4115-B222-2BFB5AC736CD}"
EndProject
Project("{FAE04EC0-301F-11D3-BF4B-00C04F79EFBC}") = "SecurePassword.Domain", "02 - Domain\SecurePassword.Domain\SecurePassword.Domain.csproj", "{DECEA597-FC86-4576-8949-0C4567177314}"
EndProject
Project("{FAE04EC0-301F-11D3-BF4B-00C04F79EFBC}") = "SecurePassword.Shared", "04 - CrossCutting\SecurePassword.Shared\SecurePassword.Shared.csproj", "{3526A936-C063-45E2-9A0B-B30A22F10971}"
EndProject
Global
	GlobalSection(SolutionConfigurationPlatforms) = preSolution
		Debug|Any CPU = Debug|Any CPU
		Release|Any CPU = Release|Any CPU
	EndGlobalSection
	GlobalSection(ProjectConfigurationPlatforms) = postSolution
		{DA0860BD-86A0-4115-B222-2BFB5AC736CD}.Debug|Any CPU.ActiveCfg = Debug|Any CPU
		{DA0860BD-86A0-4115-B222-2BFB5AC736CD}.Debug|Any CPU.Build.0 = Debug|Any CPU
		{DA0860BD-86A0-4115-B222-2BFB5AC736CD}.Release|Any CPU.ActiveCfg = Release|Any CPU
		{DA0860BD-86A0-4115-B222-2BFB5AC736CD}.Release|Any CPU.Build.0 = Release|Any CPU
		{DECEA597-FC86-4576-8949-0C4567177314}.Debug|Any CPU.ActiveCfg = Debug|Any CPU
		{DECEA597-FC86-4576-8949-0C4567177314}.Debug|Any CPU.Build.0 = Debug|Any CPU
		{DECEA597-FC86-4576-8949-0C4567177314}.Release|Any CPU.ActiveCfg = Release|Any CPU
		{DECEA597-FC86-4576-8949-0C4567177314}.Release|Any CPU.Build.0 = Release|Any CPU
		{3526A936-C063-45E2-9A0B-B30A22F10971}.Debug|Any CPU.ActiveCfg = Debug|Any CPU
		{3526A936-C063-45E2-9A0B-B30A22F10971}.Debug|Any CPU.Build.0 = Debug|Any CPU
		{3526A936-C063-45E2-9A0B-B30A22F10971}.Release|Any CPU.ActiveCfg = Release|Any CPU
		{3526A936-C063-45E2-9A0B-B30A22F10971}.Release|Any CPU.Build.0 = Release|Any CPU
	EndGlobalSection
	GlobalSection(SolutionProperties) = preSolution
		HideSolutionNode = FALSE
	EndGlobalSection
	GlobalSection(NestedProjects) = preSolution
		{DA0860BD-86A0-4115-B222-2BFB5AC736CD} = {86945CC3-174C-4217-8A61-DD6FED0F4CCF}
		{DECEA597-FC86-4576-8949-0C4567177314} = {92E18C95-2652-460A-B2FC-1BBF0660C9CE}
		{3526A936-C063-45E2-9A0B-B30A22F10971} = {7E199ADC-52C1-4005-831B-EA941B425B2A}
	EndGlobalSection
EndGlobal
